
Microsoft Visual Studio Solution File, Format Version 12.00
# Visual Studio Version 17
VisualStudioVersion = 17.11.35312.102
MinimumVisualStudioVersion = 10.0.40219.1
Project("{FAE04EC0-301F-11D3-BF4B-00C04F79EFBC}") = "EXE201", "EXE201\EXE201.csproj", "{433B6B86-C042-465C-83A0-2FC4D4496B6B}"
EndProject
Global
	GlobalSection(SolutionConfigurationPlatforms) = preSolution
		Debug|Any CPU = Debug|Any CPU
		Release|Any CPU = Release|Any CPU
	EndGlobalSection
	GlobalSection(ProjectConfigurationPlatforms) = postSolution
		{433B6B86-C042-465C-83A0-2FC4D4496B6B}.Debug|Any CPU.ActiveCfg = Debug|Any CPU
		{433B6B86-C042-465C-83A0-2FC4D4496B6B}.Debug|Any CPU.Build.0 = Debug|Any CPU
		{433B6B86-C042-465C-83A0-2FC4D4496B6B}.Release|Any CPU.ActiveCfg = Release|Any CPU
		{433B6B86-C042-465C-83A0-2FC4D4496B6B}.Release|Any CPU.Build.0 = Release|Any CPU
	EndGlobalSection
	GlobalSection(SolutionProperties) = preSolution
		HideSolutionNode = FALSE
	EndGlobalSection
	GlobalSection(ExtensibilityGlobals) = postSolution
		SolutionGuid = {8A157ED9-52B4-4BC4-8797-AA914E5B23ED}
	EndGlobalSection
EndGlobal
